
Microsoft Visual Studio Solution File, Format Version 12.00
# Visual Studio Version 17
VisualStudioVersion = 17.7.34031.279
MinimumVisualStudioVersion = 10.0.40219.1
Project("{2150E333-8FDC-42A3-9474-1A3956D46DE8}") = "Solution Items", "Solution Items", "{856F736F-5BA9-4B55-A2C5-876C09779139}"
	ProjectSection(SolutionItems) = preProject
		.editorconfig = .editorconfig
		.gitignore = .gitignore
		LICENSE = LICENSE
		README.md = README.md
	EndProjectSection
EndProject
Project("{2150E333-8FDC-42A3-9474-1A3956D46DE8}") = "lib", "lib", "{061890F2-16E3-4106-AD5C-FBBA168DF34C}"
EndProject
Project("{2150E333-8FDC-42A3-9474-1A3956D46DE8}") = "tests", "tests", "{408EB2E6-FAD7-47BF-92E3-0AD4DE1A1798}"
EndProject
Project("{9A19103F-16F7-4668-BE54-9A1E7A4F7556}") = "CodeCreate.Core", "lib\CodeCreate.Core\CodeCreate.Core.csproj", "{0A7D26B8-5960-4263-AF1F-A0B6479D5438}"
EndProject
Project("{9A19103F-16F7-4668-BE54-9A1E7A4F7556}") = "CodeCreate.AspNetCore", "lib\CodeCreate.AspNetCore\CodeCreate.AspNetCore.csproj", "{FAAB7B96-7022-4E34-9E5B-10083DC961B4}"
EndProject
Project("{9A19103F-16F7-4668-BE54-9A1E7A4F7556}") = "CodeCreate.Core.Tests.Unit", "tests\CodeCreate.Core.Tests.Unit\CodeCreate.Core.Tests.Unit.csproj", "{4B9B3C9D-94E3-4236-A37E-F4BEE6B1A1BF}"
EndProject
Project("{9A19103F-16F7-4668-BE54-9A1E7A4F7556}") = "CodeCreate.Logging", "lib\CodeCreate.Logging\CodeCreate.Logging.csproj", "{4BB47BFF-16AB-4CB0-9CC9-DB9B0B65F28D}"
EndProject
Project("{9A19103F-16F7-4668-BE54-9A1E7A4F7556}") = "CodeCreate.Logging.Serilog", "lib\CodeCreate.Logging.Serilog\CodeCreate.Logging.Serilog.csproj", "{63BF47D9-D337-4D80-BE15-75A7935820FB}"
EndProject
Project("{9A19103F-16F7-4668-BE54-9A1E7A4F7556}") = "CodeCreate.Logging.AspNetCore", "lib\CodeCreate.Logging.AspNetCore\CodeCreate.Logging.AspNetCore.csproj", "{C5EC846D-A018-4FB3-9F30-3F7E1D1BC5A2}"
EndProject
Project("{9A19103F-16F7-4668-BE54-9A1E7A4F7556}") = "CodeCreate.AspNetCore.Tests.Unit", "tests\CodeCreate.AspNetCore.Tests.Unit\CodeCreate.AspNetCore.Tests.Unit.csproj", "{26096EE1-B118-45AE-BB45-5BCBA90797FC}"
EndProject
Project("{2150E333-8FDC-42A3-9474-1A3956D46DE8}") = ".github", ".github", "{4D43C376-5260-4EE4-B12A-C07CA7844350}"
EndProject
Project("{2150E333-8FDC-42A3-9474-1A3956D46DE8}") = "workflows", "workflows", "{538C42F2-189F-4AE5-92FB-46CBE0899128}"
	ProjectSection(SolutionItems) = preProject
		.github\workflows\codecreate-core-cd.yml = .github\workflows\codecreate-core-cd.yml
		.github\workflows\codecreate-core-ci.yml = .github\workflows\codecreate-core-ci.yml
	EndProjectSection
EndProject
Project("{2150E333-8FDC-42A3-9474-1A3956D46DE8}") = "templates", "templates", "{A7F52840-E9BC-49AD-9DEA-7C85830B0E57}"
EndProject
Project("{2150E333-8FDC-42A3-9474-1A3956D46DE8}") = "build", "build", "{1CBB0FB4-B782-435E-BBB3-A0F0EEA57E1F}"
	ProjectSection(SolutionItems) = preProject
		.github\workflows\templates\build\action.yml = .github\workflows\templates\build\action.yml
	EndProjectSection
EndProject
Project("{2150E333-8FDC-42A3-9474-1A3956D46DE8}") = "release", "release", "{097550C1-CE67-419E-AE00-01F74C6E4491}"
	ProjectSection(SolutionItems) = preProject
		.github\workflows\templates\release\action.yml = .github\workflows\templates\release\action.yml
	EndProjectSection
EndProject
Global
	GlobalSection(SolutionConfigurationPlatforms) = preSolution
		Debug|Any CPU = Debug|Any CPU
		Release|Any CPU = Release|Any CPU
	EndGlobalSection
	GlobalSection(ProjectConfigurationPlatforms) = postSolution
		{0A7D26B8-5960-4263-AF1F-A0B6479D5438}.Debug|Any CPU.ActiveCfg = Debug|Any CPU
		{0A7D26B8-5960-4263-AF1F-A0B6479D5438}.Debug|Any CPU.Build.0 = Debug|Any CPU
		{0A7D26B8-5960-4263-AF1F-A0B6479D5438}.Release|Any CPU.ActiveCfg = Release|Any CPU
		{0A7D26B8-5960-4263-AF1F-A0B6479D5438}.Release|Any CPU.Build.0 = Release|Any CPU
		{FAAB7B96-7022-4E34-9E5B-10083DC961B4}.Debug|Any CPU.ActiveCfg = Debug|Any CPU
		{FAAB7B96-7022-4E34-9E5B-10083DC961B4}.Debug|Any CPU.Build.0 = Debug|Any CPU
		{FAAB7B96-7022-4E34-9E5B-10083DC961B4}.Release|Any CPU.ActiveCfg = Release|Any CPU
		{FAAB7B96-7022-4E34-9E5B-10083DC961B4}.Release|Any CPU.Build.0 = Release|Any CPU
		{4B9B3C9D-94E3-4236-A37E-F4BEE6B1A1BF}.Debug|Any CPU.ActiveCfg = Debug|Any CPU
		{4B9B3C9D-94E3-4236-A37E-F4BEE6B1A1BF}.Debug|Any CPU.Build.0 = Debug|Any CPU
		{4B9B3C9D-94E3-4236-A37E-F4BEE6B1A1BF}.Release|Any CPU.ActiveCfg = Release|Any CPU
		{4B9B3C9D-94E3-4236-A37E-F4BEE6B1A1BF}.Release|Any CPU.Build.0 = Release|Any CPU
		{4BB47BFF-16AB-4CB0-9CC9-DB9B0B65F28D}.Debug|Any CPU.ActiveCfg = Debug|Any CPU
		{4BB47BFF-16AB-4CB0-9CC9-DB9B0B65F28D}.Debug|Any CPU.Build.0 = Debug|Any CPU
		{4BB47BFF-16AB-4CB0-9CC9-DB9B0B65F28D}.Release|Any CPU.ActiveCfg = Release|Any CPU
		{4BB47BFF-16AB-4CB0-9CC9-DB9B0B65F28D}.Release|Any CPU.Build.0 = Release|Any CPU
		{63BF47D9-D337-4D80-BE15-75A7935820FB}.Debug|Any CPU.ActiveCfg = Debug|Any CPU
		{63BF47D9-D337-4D80-BE15-75A7935820FB}.Debug|Any CPU.Build.0 = Debug|Any CPU
		{63BF47D9-D337-4D80-BE15-75A7935820FB}.Release|Any CPU.ActiveCfg = Release|Any CPU
		{63BF47D9-D337-4D80-BE15-75A7935820FB}.Release|Any CPU.Build.0 = Release|Any CPU
		{C5EC846D-A018-4FB3-9F30-3F7E1D1BC5A2}.Debug|Any CPU.ActiveCfg = Debug|Any CPU
		{C5EC846D-A018-4FB3-9F30-3F7E1D1BC5A2}.Debug|Any CPU.Build.0 = Debug|Any CPU
		{C5EC846D-A018-4FB3-9F30-3F7E1D1BC5A2}.Release|Any CPU.ActiveCfg = Release|Any CPU
		{C5EC846D-A018-4FB3-9F30-3F7E1D1BC5A2}.Release|Any CPU.Build.0 = Release|Any CPU
		{26096EE1-B118-45AE-BB45-5BCBA90797FC}.Debug|Any CPU.ActiveCfg = Debug|Any CPU
		{26096EE1-B118-45AE-BB45-5BCBA90797FC}.Debug|Any CPU.Build.0 = Debug|Any CPU
		{26096EE1-B118-45AE-BB45-5BCBA90797FC}.Release|Any CPU.ActiveCfg = Release|Any CPU
		{26096EE1-B118-45AE-BB45-5BCBA90797FC}.Release|Any CPU.Build.0 = Release|Any CPU
	EndGlobalSection
	GlobalSection(SolutionProperties) = preSolution
		HideSolutionNode = FALSE
	EndGlobalSection
	GlobalSection(NestedProjects) = preSolution
		{0A7D26B8-5960-4263-AF1F-A0B6479D5438} = {061890F2-16E3-4106-AD5C-FBBA168DF34C}
		{FAAB7B96-7022-4E34-9E5B-10083DC961B4} = {061890F2-16E3-4106-AD5C-FBBA168DF34C}
		{4B9B3C9D-94E3-4236-A37E-F4BEE6B1A1BF} = {408EB2E6-FAD7-47BF-92E3-0AD4DE1A1798}
		{4BB47BFF-16AB-4CB0-9CC9-DB9B0B65F28D} = {061890F2-16E3-4106-AD5C-FBBA168DF34C}
		{63BF47D9-D337-4D80-BE15-75A7935820FB} = {061890F2-16E3-4106-AD5C-FBBA168DF34C}
		{C5EC846D-A018-4FB3-9F30-3F7E1D1BC5A2} = {061890F2-16E3-4106-AD5C-FBBA168DF34C}
		{26096EE1-B118-45AE-BB45-5BCBA90797FC} = {408EB2E6-FAD7-47BF-92E3-0AD4DE1A1798}
		{538C42F2-189F-4AE5-92FB-46CBE0899128} = {4D43C376-5260-4EE4-B12A-C07CA7844350}
		{A7F52840-E9BC-49AD-9DEA-7C85830B0E57} = {538C42F2-189F-4AE5-92FB-46CBE0899128}
		{1CBB0FB4-B782-435E-BBB3-A0F0EEA57E1F} = {A7F52840-E9BC-49AD-9DEA-7C85830B0E57}
		{097550C1-CE67-419E-AE00-01F74C6E4491} = {A7F52840-E9BC-49AD-9DEA-7C85830B0E57}
	EndGlobalSection
	GlobalSection(ExtensibilityGlobals) = postSolution
		SolutionGuid = {4AA8B55C-42AC-4CD6-9FBE-678A76AF5259}
	EndGlobalSection
EndGlobal
